
Microsoft Visual Studio Solution File, Format Version 12.00
# Visual Studio Version 17
VisualStudioVersion = 17.0.31903.59
MinimumVisualStudioVersion = 10.0.40219.1
Project("{FAE04EC0-301F-11D3-BF4B-00C04F79EFBC}") = "VideoIntelligence.WebApp", "VideoIntelligence.WebApp\VideoIntelligence.WebApp.csproj", "{97D28B50-BCA0-2E07-8924-E8C0E8201528}"
EndProject
Global
	GlobalSection(SolutionConfigurationPlatforms) = preSolution
		Debug|Any CPU = Debug|Any CPU
		Release|Any CPU = Release|Any CPU
	EndGlobalSection
	GlobalSection(ProjectConfigurationPlatforms) = postSolution
		{97D28B50-BCA0-2E07-8924-E8C0E8201528}.Debug|Any CPU.ActiveCfg = Debug|Any CPU
		{97D28B50-BCA0-2E07-8924-E8C0E8201528}.Debug|Any CPU.Build.0 = Debug|Any CPU
		{97D28B50-BCA0-2E07-8924-E8C0E8201528}.Release|Any CPU.ActiveCfg = Release|Any CPU
		{97D28B50-BCA0-2E07-8924-E8C0E8201528}.Release|Any CPU.Build.0 = Release|Any CPU
	EndGlobalSection
	GlobalSection(SolutionProperties) = preSolution
		HideSolutionNode = FALSE
	EndGlobalSection
	GlobalSection(ExtensibilityGlobals) = postSolution
		SolutionGuid = {93070BDF-959E-4876-B5F8-B21E833E8E96}
	EndGlobalSection
EndGlobal
